{
  "pins" : [
    {
      "identity" : "activelabel.swift",
      "kind" : "remoteSourceControl",
      "location" : "https://github.com/optonaut/ActiveLabel.swift",
      "state" : {
        "revision" : "36949c1a69ef8b40574da20c9e24b115f387b1cf",
        "version" : "1.1.5"
      }
    },
    {
      "identity" : "cartography",
      "kind" : "remoteSourceControl",
      "location" : "https://github.com/robb/Cartography",
      "state" : {
        "revision" : "b75197ea134f42b5feafb04b526b37eb1a41034b",
        "version" : "4.0.0"
      }
    },
    {
      "identity" : "dskit",
      "kind" : "remoteSourceControl",
      "location" : "https://github.com/imodeveloperlab/dskit",
      "state" : {
        "branch" : "main",
        "revision" : "f8bb5a01de20fbdf21dce262fd3cbfb243545bea"
      }
    },
    {
      "identity" : "fakery",
      "kind" : "remoteSourceControl",
      "location" : "https://github.com/vadymmarkov/Fakery",
      "state" : {
        "revision" : "71cb3bf36a808534659d1248780c2bf3c4c4fc91",
        "version" : "5.1.0"
      }
    },
    {
      "identity" : "horizoncalendar",
      "kind" : "remoteSourceControl",
      "location" : "https://github.com/airbnb/HorizonCalendar.git",
      "state" : {
        "revision" : "3b8e98233634591bbf6fbdd6654f79455e02288b",
        "version" : "1.16.0"
      }
    },
    {
      "identity" : "kingfisher",
      "kind" : "remoteSourceControl",
      "location" : "https://github.com/onevcat/Kingfisher",
      "state" : {
        "revision" : "af4be924ad984cf4d16f4ae4df424e79a443d435",
        "version" : "7.6.2"
      }
    }
  ],
  "version" : 2
}
